
Microsoft Visual Studio Solution File, Format Version 12.00
# Visual Studio Version 17
VisualStudioVersion = 17.10.35122.118
MinimumVisualStudioVersion = 10.0.40219.1
Project("{FAE04EC0-301F-11D3-BF4B-00C04F79EFBC}") = "Assignment3", "Assignment3\Assignment3.csproj", "{AF84A35A-1342-4617-AB05-301D6FF0A45B}"
EndProject
Global
	GlobalSection(SolutionConfigurationPlatforms) = preSolution
		Debug|Any CPU = Debug|Any CPU
		Release|Any CPU = Release|Any CPU
	EndGlobalSection
	GlobalSection(ProjectConfigurationPlatforms) = postSolution
		{AF84A35A-1342-4617-AB05-301D6FF0A45B}.Debug|Any CPU.ActiveCfg = Debug|Any CPU
		{AF84A35A-1342-4617-AB05-301D6FF0A45B}.Debug|Any CPU.Build.0 = Debug|Any CPU
		{AF84A35A-1342-4617-AB05-301D6FF0A45B}.Release|Any CPU.ActiveCfg = Release|Any CPU
		{AF84A35A-1342-4617-AB05-301D6FF0A45B}.Release|Any CPU.Build.0 = Release|Any CPU
	EndGlobalSection
	GlobalSection(SolutionProperties) = preSolution
		HideSolutionNode = FALSE
	EndGlobalSection
	GlobalSection(ExtensibilityGlobals) = postSolution
		SolutionGuid = {0A07F8D9-CC25-4166-8A88-C777B28FE2D9}
	EndGlobalSection
EndGlobal
